
Microsoft Visual Studio Solution File, Format Version 12.00
# Visual Studio Version 17
VisualStudioVersion = 17.5.33424.131
MinimumVisualStudioVersion = 10.0.40219.1
Project("{9A19103F-16F7-4668-BE54-9A1E7A4F7556}") = "WebApi_WithBlazor_SignalR", "WebApi_WithBlazor_SignalR\WebApi_WithBlazor_SignalR.csproj", "{71B3A5A5-4E83-4DFB-86CB-C0DB7A0ED1EB}"
EndProject
Project("{FAE04EC0-301F-11D3-BF4B-00C04F79EFBC}") = "Blazor_App_WithSignalR_Api", "Blazor_App_WithSignalR_Api\Blazor_App_WithSignalR_Api.csproj", "{ADEFE07F-1F81-4CBE-9A47-4312C87F7B19}"
EndProject
Global
	GlobalSection(SolutionConfigurationPlatforms) = preSolution
		Debug|Any CPU = Debug|Any CPU
		Release|Any CPU = Release|Any CPU
	EndGlobalSection
	GlobalSection(ProjectConfigurationPlatforms) = postSolution
		{71B3A5A5-4E83-4DFB-86CB-C0DB7A0ED1EB}.Debug|Any CPU.ActiveCfg = Debug|Any CPU
		{71B3A5A5-4E83-4DFB-86CB-C0DB7A0ED1EB}.Debug|Any CPU.Build.0 = Debug|Any CPU
		{71B3A5A5-4E83-4DFB-86CB-C0DB7A0ED1EB}.Release|Any CPU.ActiveCfg = Release|Any CPU
		{71B3A5A5-4E83-4DFB-86CB-C0DB7A0ED1EB}.Release|Any CPU.Build.0 = Release|Any CPU
		{ADEFE07F-1F81-4CBE-9A47-4312C87F7B19}.Debug|Any CPU.ActiveCfg = Debug|Any CPU
		{ADEFE07F-1F81-4CBE-9A47-4312C87F7B19}.Debug|Any CPU.Build.0 = Debug|Any CPU
		{ADEFE07F-1F81-4CBE-9A47-4312C87F7B19}.Release|Any CPU.ActiveCfg = Release|Any CPU
		{ADEFE07F-1F81-4CBE-9A47-4312C87F7B19}.Release|Any CPU.Build.0 = Release|Any CPU
	EndGlobalSection
	GlobalSection(SolutionProperties) = preSolution
		HideSolutionNode = FALSE
	EndGlobalSection
	GlobalSection(ExtensibilityGlobals) = postSolution
		SolutionGuid = {1CAE087C-F83E-41D0-AC13-2D41E2FBF3AB}
	EndGlobalSection
EndGlobal
